# Run ./gradlew --write-locks to regenerate this file
com.google.api.grpc:proto-google-common-protos:2.0.1 (1 constraints: d109cda9)
com.google.code.findbugs:jsr305:3.0.2 (4 constraints: 3127898a)
com.google.errorprone:error_prone_annotations:2.9.0 (3 constraints: e019a86b)
com.google.guava:failureaccess:1.0.1 (1 constraints: 140ae1b4)
com.google.guava:guava:30.1.1-android (4 constraints: 3232f41b)
com.google.guava:listenablefuture:9999.0-empty-to-avoid-conflict-with-guava (1 constraints: bd17c918)
com.google.j2objc:j2objc-annotations:1.3 (1 constraints: b809eda0)
com.google.protobuf:protobuf-java:3.19.4 (3 constraints: eb220470)
io.grpc:grpc-api:1.44.1 (3 constraints: 3e1ef3e5)
io.grpc:grpc-context:1.44.1 (1 constraints: d1079f78)
io.grpc:grpc-protobuf:1.44.1 (1 constraints: 3c05423b)
io.grpc:grpc-protobuf-lite:1.44.1 (1 constraints: 080ae5b3)
io.grpc:grpc-stub:1.44.1 (1 constraints: 3c05423b)
org.checkerframework:checker-compat-qual:2.5.5 (1 constraints: 1e0af9b4)
