# Run ./gradlew --write-locks to regenerate this file
com.google.api.grpc:proto-google-common-protos:2.0.1 (1 constraints: d109cda9)
com.google.code.findbugs:jsr305:3.0.2 (4 constraints: 3127898a)
com.google.errorprone:error_prone_annotations:2.10.0 (3 constraints: 321a0f9c)
com.google.guava:failureaccess:1.0.1 (1 constraints: 140ae1b4)
com.google.guava:guava:31.0.1-android (4 constraints: 3232fc1b)
com.google.guava:listenablefuture:9999.0-empty-to-avoid-conflict-with-guava (1 constraints: bd17c918)
com.google.j2objc:j2objc-annotations:1.3 (1 constraints: b809eda0)
com.google.protobuf:protobuf-java:3.19.4 (3 constraints: eb220470)
io.grpc:grpc-api:1.45.0 (3 constraints: 3e1ef9e5)
io.grpc:grpc-context:1.45.0 (1 constraints: d107a178)
io.grpc:grpc-protobuf:1.45.0 (1 constraints: 3c05443b)
io.grpc:grpc-protobuf-lite:1.45.0 (1 constraints: 080ae7b3)
io.grpc:grpc-stub:1.45.0 (1 constraints: 3c05443b)
org.checkerframework:checker-compat-qual:2.5.5 (1 constraints: 1e0af9b4)
org.checkerframework:checker-qual:3.12.0 (1 constraints: 480a3bbf)
