# Run ./gradlew --write-locks to regenerate this file
com.google.api.grpc:proto-google-common-protos:2.0.1 (1 constraints: d109cda9)
com.google.code.findbugs:jsr305:3.0.2 (4 constraints: 3a25acba)
com.google.errorprone:error_prone_annotations:2.4.0 (4 constraints: 3e2572bb)
com.google.guava:failureaccess:1.0.1 (1 constraints: 140ae1b4)
com.google.guava:guava:30.1-android (4 constraints: b630f0df)
com.google.guava:listenablefuture:9999.0-empty-to-avoid-conflict-with-guava (1 constraints: bd17c918)
com.google.j2objc:j2objc-annotations:1.3 (1 constraints: b809eda0)
com.google.protobuf:protobuf-java:3.17.2 (2 constraints: 420fbb91)
io.grpc:grpc-api:1.38.0 (3 constraints: 441ebce6)
io.grpc:grpc-context:1.38.0 (1 constraints: d307a678)
io.grpc:grpc-protobuf:1.38.0 (1 constraints: 3e05493b)
io.grpc:grpc-protobuf-lite:1.38.0 (1 constraints: 0a0aecb3)
io.grpc:grpc-stub:1.38.0 (1 constraints: 3e05493b)
org.checkerframework:checker-compat-qual:2.5.5 (1 constraints: 1e0af9b4)
org.codehaus.mojo:animal-sniffer-annotations:1.19 (4 constraints: 9a248144)
